
Microsoft Visual Studio Solution File, Format Version 12.00
# Visual Studio Version 17
VisualStudioVersion = 17.0.32014.148
MinimumVisualStudioVersion = 10.0.40219.1
Project("{FAE04EC0-301F-11D3-BF4B-00C04F79EFBC}") = "Stunskip", "StunSkip\Stunskip.csproj", "{851C6A8F-D3B9-4E87-AB30-468B1B5CC648}"
EndProject
Global
	GlobalSection(SolutionConfigurationPlatforms) = preSolution
		Debug|Any CPU = Debug|Any CPU
		Release|Any CPU = Release|Any CPU
	EndGlobalSection
	GlobalSection(ProjectConfigurationPlatforms) = postSolution
		{851C6A8F-D3B9-4E87-AB30-468B1B5CC648}.Debug|Any CPU.ActiveCfg = Debug|Any CPU
		{851C6A8F-D3B9-4E87-AB30-468B1B5CC648}.Debug|Any CPU.Build.0 = Debug|Any CPU
		{851C6A8F-D3B9-4E87-AB30-468B1B5CC648}.Release|Any CPU.ActiveCfg = Release|Any CPU
		{851C6A8F-D3B9-4E87-AB30-468B1B5CC648}.Release|Any CPU.Build.0 = Release|Any CPU
	EndGlobalSection
	GlobalSection(SolutionProperties) = preSolution
		HideSolutionNode = FALSE
	EndGlobalSection
	GlobalSection(ExtensibilityGlobals) = postSolution
		SolutionGuid = {47177EE0-F729-490B-B2F6-98D07CB02D5B}
	EndGlobalSection
EndGlobal
